
Microsoft Visual Studio Solution File, Format Version 12.00
# Visual Studio Version 17
VisualStudioVersion = 17.9.34728.123
MinimumVisualStudioVersion = 10.0.40219.1
Project("{FAE04EC0-301F-11D3-BF4B-00C04F79EFBC}") = "5by5 - BoletimPilhaFila", "5by5 - BoletimPilhaFila\5by5 - BoletimPilhaFila.csproj", "{BC5565A2-E557-4E8A-BFB3-ADFDF6272F2B}"
EndProject
Global
	GlobalSection(SolutionConfigurationPlatforms) = preSolution
		Debug|Any CPU = Debug|Any CPU
		Release|Any CPU = Release|Any CPU
	EndGlobalSection
	GlobalSection(ProjectConfigurationPlatforms) = postSolution
		{BC5565A2-E557-4E8A-BFB3-ADFDF6272F2B}.Debug|Any CPU.ActiveCfg = Debug|Any CPU
		{BC5565A2-E557-4E8A-BFB3-ADFDF6272F2B}.Debug|Any CPU.Build.0 = Debug|Any CPU
		{BC5565A2-E557-4E8A-BFB3-ADFDF6272F2B}.Release|Any CPU.ActiveCfg = Release|Any CPU
		{BC5565A2-E557-4E8A-BFB3-ADFDF6272F2B}.Release|Any CPU.Build.0 = Release|Any CPU
	EndGlobalSection
	GlobalSection(SolutionProperties) = preSolution
		HideSolutionNode = FALSE
	EndGlobalSection
	GlobalSection(ExtensibilityGlobals) = postSolution
		SolutionGuid = {FEC770E7-B2FA-4325-8FE1-91524CB63E0F}
	EndGlobalSection
EndGlobal
